// !$*UTF8*$!
{
	archiveVersion = 1;
	classes = {
	};
	objectVersion = 46;
	objects = {

/* Begin PBXBuildFile section */
		22C76F4F1A5864EE00D1B35F /* SMWAccordion.h in CopyFiles */ = {isa = PBXBuildFile; fileRef = 22C76F4E1A5864EE00D1B35F /* SMWAccordion.h */; };
		22C76F571A5864EE00D1B35F /* libSMWAccordion.a in Frameworks */ = {isa = PBXBuildFile; fileRef = 22C76F4B1A5864EE00D1B35F /* libSMWAccordion.a */; };
		22C76F731A58664F00D1B35F /* SMWAccordionTableView.m in Sources */ = {isa = PBXBuildFile; fileRef = 22C76F721A58664F00D1B35F /* SMWAccordionTableView.m */; };
		22C76F751A58669B00D1B35F /* SMWAccordionTableView.h in CopyFiles */ = {isa = PBXBuildFile; fileRef = 22C76F711A58664F00D1B35F /* SMWAccordionTableView.h */; };
/* End PBXBuildFile section */

/* Begin PBXContainerItemProxy section */
		22C76F581A5864EE00D1B35F /* PBXContainerItemProxy */ = {
			isa = PBXContainerItemProxy;
			containerPortal = 22C76F431A5864EE00D1B35F /* Project object */;
			proxyType = 1;
			remoteGlobalIDString = 22C76F4A1A5864EE00D1B35F;
			remoteInfo = SMWAccordion;
		};
/* End PBXContainerItemProxy section */

/* Begin PBXCopyFilesBuildPhase section */
		22C76F491A5864EE00D1B35F /* CopyFiles */ = {
			isa = PBXCopyFilesBuildPhase;
			buildActionMask = 2147483647;
			dstPath = "include/$(PRODUCT_NAME)";
			dstSubfolderSpec = 16;
			files = (
				22C76F751A58669B00D1B35F /* SMWAccordionTableView.h in CopyFiles */,
				22C76F4F1A5864EE00D1B35F /* SMWAccordion.h in CopyFiles */,
			);
			runOnlyForDeploymentPostprocessing = 0;
		};
/* End PBXCopyFilesBuildPhase section */

/* Begin PBXFileReference section */
		22C76F4B1A5864EE00D1B35F /* libSMWAccordion.a */ = {isa = PBXFileReference; explicitFileType = archive.ar; includeInIndex = 0; path = libSMWAccordion.a; sourceTree = BUILT_PRODUCTS_DIR; };
		22C76F4E1A5864EE00D1B35F /* SMWAccordion.h */ = {isa = PBXFileReference; lastKnownFileType = sourcecode.c.h; path = SMWAccordion.h; sourceTree = "<group>"; };
		22C76F561A5864EE00D1B35F /* SMWAccordionTests.xctest */ = {isa = PBXFileReference; explicitFileType = wrapper.cfbundle; includeInIndex = 0; path = SMWAccordionTests.xctest; sourceTree = BUILT_PRODUCTS_DIR; };
		22C76F5C1A5864EE00D1B35F /* Info.plist */ = {isa = PBXFileReference; lastKnownFileType = text.plist.xml; path = Info.plist; sourceTree = "<group>"; };
		22C76F711A58664F00D1B35F /* SMWAccordionTableView.h */ = {isa = PBXFileReference; fileEncoding = 4; lastKnownFileType = sourcecode.c.h; path = SMWAccordionTableView.h; sourceTree = "<group>"; };
		22C76F721A58664F00D1B35F /* SMWAccordionTableView.m */ = {isa = PBXFileReference; fileEncoding = 4; lastKnownFileType = sourcecode.c.objc; path = SMWAccordionTableView.m; sourceTree = "<group>"; };
/* End PBXFileReference section */

/* Begin PBXFrameworksBuildPhase section */
		22C76F481A5864EE00D1B35F /* Frameworks */ = {
			isa = PBXFrameworksBuildPhase;
			buildActionMask = 2147483647;
			files = (
			);
			runOnlyForDeploymentPostprocessing = 0;
		};
		22C76F531A5864EE00D1B35F /* Frameworks */ = {
			isa = PBXFrameworksBuildPhase;
			buildActionMask = 2147483647;
			files = (
				22C76F571A5864EE00D1B35F /* libSMWAccordion.a in Frameworks */,
			);
			runOnlyForDeploymentPostprocessing = 0;
		};
/* End PBXFrameworksBuildPhase section */

/* Begin PBXGroup section */
		22C76F421A5864EE00D1B35F = {
			isa = PBXGroup;
			children = (
				22C76F4D1A5864EE00D1B35F /* SMWAccordion */,
				22C76F5A1A5864EE00D1B35F /* SMWAccordionTests */,
				22C76F4C1A5864EE00D1B35F /* Products */,
			);
			sourceTree = "<group>";
		};
		22C76F4C1A5864EE00D1B35F /* Products */ = {
			isa = PBXGroup;
			children = (
				22C76F4B1A5864EE00D1B35F /* libSMWAccordion.a */,
				22C76F561A5864EE00D1B35F /* SMWAccordionTests.xctest */,
			);
			name = Products;
			sourceTree = "<group>";
		};
		22C76F4D1A5864EE00D1B35F /* SMWAccordion */ = {
			isa = PBXGroup;
			children = (
				22C76F4E1A5864EE00D1B35F /* SMWAccordion.h */,
				22C76F711A58664F00D1B35F /* SMWAccordionTableView.h */,
				22C76F721A58664F00D1B35F /* SMWAccordionTableView.m */,
			);
			path = SMWAccordion;
			sourceTree = "<group>";
		};
		22C76F5A1A5864EE00D1B35F /* SMWAccordionTests */ = {
			isa = PBXGroup;
			children = (
				22C76F5B1A5864EE00D1B35F /* Supporting Files */,
			);
			path = SMWAccordionTests;
			sourceTree = "<group>";
		};
		22C76F5B1A5864EE00D1B35F /* Supporting Files */ = {
			isa = PBXGroup;
			children = (
				22C76F5C1A5864EE00D1B35F /* Info.plist */,
			);
			name = "Supporting Files";
			sourceTree = "<group>";
		};
/* End PBXGroup section */

/* Begin PBXNativeTarget section */
		22C76F4A1A5864EE00D1B35F /* SMWAccordion */ = {
			isa = PBXNativeTarget;
			buildConfigurationList = 22C76F5F1A5864EE00D1B35F /* Build configuration list for PBXNativeTarget "SMWAccordion" */;
			buildPhases = (
				22C76F471A5864EE00D1B35F /* Sources */,
				22C76F481A5864EE00D1B35F /* Frameworks */,
				22C76F491A5864EE00D1B35F /* CopyFiles */,
			);
			buildRules = (
			);
			dependencies = (
			);
			name = SMWAccordion;
			productName = SMWAccordion;
			productReference = 22C76F4B1A5864EE00D1B35F /* libSMWAccordion.a */;
			productType = "com.apple.product-type.library.static";
		};
		22C76F551A5864EE00D1B35F /* SMWAccordionTests */ = {
			isa = PBXNativeTarget;
			buildConfigurationList = 22C76F621A5864EE00D1B35F /* Build configuration list for PBXNativeTarget "SMWAccordionTests" */;
			buildPhases = (
				22C76F521A5864EE00D1B35F /* Sources */,
				22C76F531A5864EE00D1B35F /* Frameworks */,
				22C76F541A5864EE00D1B35F /* Resources */,
			);
			buildRules = (
			);
			dependencies = (
				22C76F591A5864EE00D1B35F /* PBXTargetDependency */,
			);
			name = SMWAccordionTests;
			productName = SMWAccordionTests;
			productReference = 22C76F561A5864EE00D1B35F /* SMWAccordionTests.xctest */;
			productType = "com.apple.product-type.bundle.unit-test";
		};
/* End PBXNativeTarget section */

/* Begin PBXProject section */
		22C76F431A5864EE00D1B35F /* Project object */ = {
			isa = PBXProject;
			attributes = {
				LastUpgradeCheck = 0610;
				ORGANIZATIONNAME = "Sam Meech-Ward";
				TargetAttributes = {
					22C76F4A1A5864EE00D1B35F = {
						CreatedOnToolsVersion = 6.1.1;
					};
					22C76F551A5864EE00D1B35F = {
						CreatedOnToolsVersion = 6.1.1;
					};
				};
			};
			buildConfigurationList = 22C76F461A5864EE00D1B35F /* Build configuration list for PBXProject "SMWAccordion" */;
			compatibilityVersion = "Xcode 3.2";
			developmentRegion = English;
			hasScannedForEncodings = 0;
			knownRegions = (
				en,
			);
			mainGroup = 22C76F421A5864EE00D1B35F;
			productRefGroup = 22C76F4C1A5864EE00D1B35F /* Products */;
			projectDirPath = "";
			projectRoot = "";
			targets = (
				22C76F4A1A5864EE00D1B35F /* SMWAccordion */,
				22C76F551A5864EE00D1B35F /* SMWAccordionTests */,
			);
		};
/* End PBXProject section */

/* Begin PBXResourcesBuildPhase section */
		22C76F541A5864EE00D1B35F /* Resources */ = {
			isa = PBXResourcesBuildPhase;
			buildActionMask = 2147483647;
			files = (
			);
			runOnlyForDeploymentPostprocessing = 0;
		};
/* End PBXResourcesBuildPhase section */

/* Begin PBXSourcesBuildPhase section */
		22C76F471A5864EE00D1B35F /* Sources */ = {
			isa = PBXSourcesBuildPhase;
			buildActionMask = 2147483647;
			files = (
				22C76F731A58664F00D1B35F /* SMWAccordionTableView.m in Sources */,
			);
			runOnlyForDeploymentPostprocessing = 0;
		};
		22C76F521A5864EE00D1B35F /* Sources */ = {
			isa = PBXSourcesBuildPhase;
			buildActionMask = 2147483647;
			files = (
			);
			runOnlyForDeploymentPostprocessing = 0;
		};
/* End PBXSourcesBuildPhase section */

/* Begin PBXTargetDependency section */
		22C76F591A5864EE00D1B35F /* PBXTargetDependency */ = {
			isa = PBXTargetDependency;
			target = 22C76F4A1A5864EE00D1B35F /* SMWAccordion */;
			targetProxy = 22C76F581A5864EE00D1B35F /* PBXContainerItemProxy */;
		};
/* End PBXTargetDependency section */

/* Begin XCBuildConfiguration section */
		22C76F5D1A5864EE00D1B35F /* Debug */ = {
			isa = XCBuildConfiguration;
			buildSettings = {
				ALWAYS_SEARCH_USER_PATHS = NO;
				CLANG_CXX_LANGUAGE_STANDARD = "gnu++0x";
				CLANG_CXX_LIBRARY = "libc++";
				CLANG_ENABLE_MODULES = YES;
				CLANG_ENABLE_OBJC_ARC = YES;
				CLANG_WARN_BOOL_CONVERSION = YES;
				CLANG_WARN_CONSTANT_CONVERSION = YES;
				CLANG_WARN_DIRECT_OBJC_ISA_USAGE = YES_ERROR;
				CLANG_WARN_EMPTY_BODY = YES;
				CLANG_WARN_ENUM_CONVERSION = YES;
				CLANG_WARN_INT_CONVERSION = YES;
				CLANG_WARN_OBJC_ROOT_CLASS = YES_ERROR;
				CLANG_WARN_UNREACHABLE_CODE = YES;
				CLANG_WARN__DUPLICATE_METHOD_MATCH = YES;
				COPY_PHASE_STRIP = NO;
				ENABLE_STRICT_OBJC_MSGSEND = YES;
				GCC_C_LANGUAGE_STANDARD = gnu99;
				GCC_DYNAMIC_NO_PIC = NO;
				GCC_OPTIMIZATION_LEVEL = 0;
				GCC_PREPROCESSOR_DEFINITIONS = (
					"DEBUG=1",
					"$(inherited)",
				);
				GCC_SYMBOLS_PRIVATE_EXTERN = NO;
				GCC_WARN_64_TO_32_BIT_CONVERSION = YES;
				GCC_WARN_ABOUT_RETURN_TYPE = YES_ERROR;
				GCC_WARN_UNDECLARED_SELECTOR = YES;
				GCC_WARN_UNINITIALIZED_AUTOS = YES_AGGRESSIVE;
				GCC_WARN_UNUSED_FUNCTION = YES;
				GCC_WARN_UNUSED_VARIABLE = YES;
				IPHONEOS_DEPLOYMENT_TARGET = 8.1;
				MTL_ENABLE_DEBUG_INFO = YES;
				ONLY_ACTIVE_ARCH = YES;
				SDKROOT = iphoneos;
			};
			name = Debug;
		};
		22C76F5E1A5864EE00D1B35F /* Release */ = {
			isa = XCBuildConfiguration;
			buildSettings = {
				ALWAYS_SEARCH_USER_PATHS = NO;
				CLANG_CXX_LANGUAGE_STANDARD = "gnu++0x";
				CLANG_CXX_LIBRARY = "libc++";
				CLANG_ENABLE_MODULES = YES;
				CLANG_ENABLE_OBJC_ARC = YES;
				CLANG_WARN_BOOL_CONVERSION = YES;
				CLANG_WARN_CONSTANT_CONVERSION = YES;
				CLANG_WARN_DIRECT_OBJC_ISA_USAGE = YES_ERROR;
				CLANG_WARN_EMPTY_BODY = YES;
				CLANG_WARN_ENUM_CONVERSION = YES;
				CLANG_WARN_INT_CONVERSION = YES;
				CLANG_WARN_OBJC_ROOT_CLASS = YES_ERROR;
				CLANG_WARN_UNREACHABLE_CODE = YES;
				CLANG_WARN__DUPLICATE_METHOD_MATCH = YES;
				COPY_PHASE_STRIP = YES;
				ENABLE_NS_ASSERTIONS = NO;
				ENABLE_STRICT_OBJC_MSGSEND = YES;
				GCC_C_LANGUAGE_STANDARD = gnu99;
				GCC_WARN_64_TO_32_BIT_CONVERSION = YES;
				GCC_WARN_ABOUT_RETURN_TYPE = YES_ERROR;
				GCC_WARN_UNDECLARED_SELECTOR = YES;
				GCC_WARN_UNINITIALIZED_AUTOS = YES_AGGRESSIVE;
				GCC_WARN_UNUSED_FUNCTION = YES;
				GCC_WARN_UNUSED_VARIABLE = YES;
				IPHONEOS_DEPLOYMENT_TARGET = 8.1;
				MTL_ENABLE_DEBUG_INFO = NO;
				SDKROOT = iphoneos;
				VALIDATE_PRODUCT = YES;
			};
			name = Release;
		};
		22C76F601A5864EE00D1B35F /* Debug */ = {
			isa = XCBuildConfiguration;
			buildSettings = {
				OTHER_LDFLAGS = "-ObjC";
				PRODUCT_NAME = "$(TARGET_NAME)";
				PUBLIC_HEADERS_FOLDER_PATH = "include/$(TARGET_NAME)";
				SKIP_INSTALL = YES;
			};
			name = Debug;
		};
		22C76F611A5864EE00D1B35F /* Release */ = {
			isa = XCBuildConfiguration;
			buildSettings = {
				OTHER_LDFLAGS = "-ObjC";
				PRODUCT_NAME = "$(TARGET_NAME)";
				PUBLIC_HEADERS_FOLDER_PATH = "include/$(TARGET_NAME)";
				SKIP_INSTALL = YES;
			};
			name = Release;
		};
		22C76F631A5864EE00D1B35F /* Debug */ = {
			isa = XCBuildConfiguration;
			buildSettings = {
				FRAMEWORK_SEARCH_PATHS = (
					"$(SDKROOT)/Developer/Library/Frameworks",
					"$(inherited)",
				);
				GCC_PREPROCESSOR_DEFINITIONS = (
					"DEBUG=1",
					"$(inherited)",
				);
				INFOPLIST_FILE = SMWAccordionTests/Info.plist;
				LD_RUNPATH_SEARCH_PATHS = "$(inherited) @executable_path/Frameworks @loader_path/Frameworks";
				PRODUCT_NAME = "$(TARGET_NAME)";
			};
			name = Debug;
		};
		22C76F641A5864EE00D1B35F /* Release */ = {
			isa = XCBuildConfiguration;
			buildSettings = {
				FRAMEWORK_SEARCH_PATHS = (
					"$(SDKROOT)/Developer/Library/Frameworks",
					"$(inherited)",
				);
				INFOPLIST_FILE = SMWAccordionTests/Info.plist;
				LD_RUNPATH_SEARCH_PATHS = "$(inherited) @executable_path/Frameworks @loader_path/Frameworks";
				PRODUCT_NAME = "$(TARGET_NAME)";
			};
			name = Release;
		};
/* End XCBuildConfiguration section */

/* Begin XCConfigurationList section */
		22C76F461A5864EE00D1B35F /* Build configuration list for PBXProject "SMWAccordion" */ = {
			isa = XCConfigurationList;
			buildConfigurations = (
				22C76F5D1A5864EE00D1B35F /* Debug */,
				22C76F5E1A5864EE00D1B35F /* Release */,
			);
			defaultConfigurationIsVisible = 0;
			defaultConfigurationName = Release;
		};
		22C76F5F1A5864EE00D1B35F /* Build configuration list for PBXNativeTarget "SMWAccordion" */ = {
			isa = XCConfigurationList;
			buildConfigurations = (
				22C76F601A5864EE00D1B35F /* Debug */,
				22C76F611A5864EE00D1B35F /* Release */,
			);
			defaultConfigurationIsVisible = 0;
			defaultConfigurationName = Release;
		};
		22C76F621A5864EE00D1B35F /* Build configuration list for PBXNativeTarget "SMWAccordionTests" */ = {
			isa = XCConfigurationList;
			buildConfigurations = (
				22C76F631A5864EE00D1B35F /* Debug */,
				22C76F641A5864EE00D1B35F /* Release */,
			);
			defaultConfigurationIsVisible = 0;
			defaultConfigurationName = Release;
		};
/* End XCConfigurationList section */
	};
	rootObject = 22C76F431A5864EE00D1B35F /* Project object */;
}
